
Microsoft Visual Studio Solution File, Format Version 11.00
# Visual Studio 2010
Project("{FAE04EC0-301F-11D3-BF4B-00C04F79EFBC}") = "Fly America Public", "FlyAmerica\Fly America Public.csproj", "{83737021-F032-4124-A541-FB58C82B8CDA}"
EndProject
Project("{FAE04EC0-301F-11D3-BF4B-00C04F79EFBC}") = "Public BI", "BI\Public BI.csproj", "{FD03B492-DAE5-400F-8A1B-96F544CF80B4}"
EndProject
Project("{E24C65DC-7377-472B-9ABA-BC803B73C61A}") = "site", "site\", "{5343A4AD-3D9D-4167-908A-9D2CF757EAAA}"
	ProjectSection(WebsiteProperties) = preProject
		TargetFrameworkMoniker = ".NETFramework,Version%3Dv4.0"
		Debug.AspNetCompiler.VirtualPath = "/site"
		Debug.AspNetCompiler.PhysicalPath = "site\"
		Debug.AspNetCompiler.TargetPath = "PrecompiledWeb\site\"
		Debug.AspNetCompiler.Updateable = "true"
		Debug.AspNetCompiler.ForceOverwrite = "true"
		Debug.AspNetCompiler.FixedNames = "false"
		Debug.AspNetCompiler.Debug = "True"
		Release.AspNetCompiler.VirtualPath = "/site"
		Release.AspNetCompiler.PhysicalPath = "site\"
		Release.AspNetCompiler.TargetPath = "PrecompiledWeb\site\"
		Release.AspNetCompiler.Updateable = "true"
		Release.AspNetCompiler.ForceOverwrite = "true"
		Release.AspNetCompiler.FixedNames = "false"
		Release.AspNetCompiler.Debug = "False"
		VWDPort = "23116"
	EndProjectSection
EndProject
Project("{FAE04EC0-301F-11D3-BF4B-00C04F79EFBC}") = "DAL", "DAL\DAL.csproj", "{BD0E517A-AFDE-45E9-92B6-A95347C75E5C}"
EndProject
Project("{FAE04EC0-301F-11D3-BF4B-00C04F79EFBC}") = "Fly America Admin", "Fly America Admin\Fly America Admin.csproj", "{7355ED71-E25C-44E1-8788-6B3B29587E51}"
EndProject
Project("{FAE04EC0-301F-11D3-BF4B-00C04F79EFBC}") = "Admin BI", "Admin BI\Admin BI.csproj", "{783ED450-4EA1-4F69-8047-C68B71AC7243}"
EndProject
Global
	GlobalSection(SolutionConfigurationPlatforms) = preSolution
		Debug|Any CPU = Debug|Any CPU
		Release|Any CPU = Release|Any CPU
	EndGlobalSection
	GlobalSection(ProjectConfigurationPlatforms) = postSolution
		{83737021-F032-4124-A541-FB58C82B8CDA}.Debug|Any CPU.ActiveCfg = Debug|Any CPU
		{83737021-F032-4124-A541-FB58C82B8CDA}.Debug|Any CPU.Build.0 = Debug|Any CPU
		{83737021-F032-4124-A541-FB58C82B8CDA}.Release|Any CPU.ActiveCfg = Release|Any CPU
		{83737021-F032-4124-A541-FB58C82B8CDA}.Release|Any CPU.Build.0 = Release|Any CPU
		{FD03B492-DAE5-400F-8A1B-96F544CF80B4}.Debug|Any CPU.ActiveCfg = Debug|Any CPU
		{FD03B492-DAE5-400F-8A1B-96F544CF80B4}.Debug|Any CPU.Build.0 = Debug|Any CPU
		{FD03B492-DAE5-400F-8A1B-96F544CF80B4}.Release|Any CPU.ActiveCfg = Release|Any CPU
		{FD03B492-DAE5-400F-8A1B-96F544CF80B4}.Release|Any CPU.Build.0 = Release|Any CPU
		{5343A4AD-3D9D-4167-908A-9D2CF757EAAA}.Debug|Any CPU.ActiveCfg = Debug|Any CPU
		{5343A4AD-3D9D-4167-908A-9D2CF757EAAA}.Debug|Any CPU.Build.0 = Debug|Any CPU
		{5343A4AD-3D9D-4167-908A-9D2CF757EAAA}.Release|Any CPU.ActiveCfg = Debug|Any CPU
		{5343A4AD-3D9D-4167-908A-9D2CF757EAAA}.Release|Any CPU.Build.0 = Debug|Any CPU
		{BD0E517A-AFDE-45E9-92B6-A95347C75E5C}.Debug|Any CPU.ActiveCfg = Debug|Any CPU
		{BD0E517A-AFDE-45E9-92B6-A95347C75E5C}.Debug|Any CPU.Build.0 = Debug|Any CPU
		{BD0E517A-AFDE-45E9-92B6-A95347C75E5C}.Release|Any CPU.ActiveCfg = Release|Any CPU
		{BD0E517A-AFDE-45E9-92B6-A95347C75E5C}.Release|Any CPU.Build.0 = Release|Any CPU
		{7355ED71-E25C-44E1-8788-6B3B29587E51}.Debug|Any CPU.ActiveCfg = Debug|Any CPU
		{7355ED71-E25C-44E1-8788-6B3B29587E51}.Debug|Any CPU.Build.0 = Debug|Any CPU
		{7355ED71-E25C-44E1-8788-6B3B29587E51}.Release|Any CPU.ActiveCfg = Release|Any CPU
		{7355ED71-E25C-44E1-8788-6B3B29587E51}.Release|Any CPU.Build.0 = Release|Any CPU
		{783ED450-4EA1-4F69-8047-C68B71AC7243}.Debug|Any CPU.ActiveCfg = Debug|Any CPU
		{783ED450-4EA1-4F69-8047-C68B71AC7243}.Debug|Any CPU.Build.0 = Debug|Any CPU
		{783ED450-4EA1-4F69-8047-C68B71AC7243}.Release|Any CPU.ActiveCfg = Release|Any CPU
		{783ED450-4EA1-4F69-8047-C68B71AC7243}.Release|Any CPU.Build.0 = Release|Any CPU
	EndGlobalSection
	GlobalSection(SolutionProperties) = preSolution
		HideSolutionNode = FALSE
	EndGlobalSection
EndGlobal
